
Microsoft Visual Studio Solution File, Format Version 12.00
# Visual Studio Version 17
VisualStudioVersion = 17.11.35327.3
MinimumVisualStudioVersion = 10.0.40219.1
Project("{FAE04EC0-301F-11D3-BF4B-00C04F79EFBC}") = "Servidor_Sistema_Geologia", "Servidor_Sistema_Geologia\Servidor_Sistema_Geologia.csproj", "{2B233F19-32B9-4033-AE64-18A5E1FA5AA0}"
EndProject
Global
	GlobalSection(SolutionConfigurationPlatforms) = preSolution
		Debug|Any CPU = Debug|Any CPU
		Release|Any CPU = Release|Any CPU
	EndGlobalSection
	GlobalSection(ProjectConfigurationPlatforms) = postSolution
		{2B233F19-32B9-4033-AE64-18A5E1FA5AA0}.Debug|Any CPU.ActiveCfg = Debug|Any CPU
		{2B233F19-32B9-4033-AE64-18A5E1FA5AA0}.Debug|Any CPU.Build.0 = Debug|Any CPU
		{2B233F19-32B9-4033-AE64-18A5E1FA5AA0}.Release|Any CPU.ActiveCfg = Release|Any CPU
		{2B233F19-32B9-4033-AE64-18A5E1FA5AA0}.Release|Any CPU.Build.0 = Release|Any CPU
	EndGlobalSection
	GlobalSection(SolutionProperties) = preSolution
		HideSolutionNode = FALSE
	EndGlobalSection
	GlobalSection(ExtensibilityGlobals) = postSolution
		SolutionGuid = {BC539256-FEA8-4310-8947-34D700600D57}
	EndGlobalSection
EndGlobal
